{
  "originHash" : "b9f355bda4fd1c2f35380f9ced270095d8c0c8caaf6e0fc6dab38aa49b2fb9dc",
  "pins" : [
    {
      "identity" : "iroh-ffi",
      "kind" : "remoteSourceControl",
      "location" : "https://github.com/manaflow-ai/iroh-ffi.git",
      "state" : {
        "revision" : "6a4ac0d75e82bffc833c2d9912c2e305ca3ee0d5",
        "version" : "1.0.0-cmux.3"
      }
    }
  ],
  "version" : 3
}
