{
  "originHash" : "24db173ccea6b348af4745a77836d633b51f11e5e288340c2e730a274590624b",
  "pins" : [
    {
      "identity" : "iroh-ffi",
      "kind" : "remoteSourceControl",
      "location" : "https://github.com/manaflow-ai/iroh-ffi.git",
      "state" : {
        "revision" : "e2759509df93513107967ec452474c566604259b",
        "version" : "1.0.0-cmux.2"
      }
    }
  ],
  "version" : 3
}
