{
  "originHash" : "0d035151e0d1d0044ea0876c2c797a9555318623c2792fec2060b1ba376922d9",
  "pins" : [
    {
      "identity" : "iroh-ffi",
      "kind" : "remoteSourceControl",
      "location" : "https://github.com/manaflow-ai/iroh-ffi.git",
      "state" : {
        "revision" : "6710783b85780186e8733bc016868a5867356275",
        "version" : "1.0.2-cmux.3"
      }
    }
  ],
  "version" : 3
}
