{
  "originHash" : "7ab320f29c392aea9676513bb1b86dfdbd7fb6816a7fa94051365fbff1192aaa",
  "pins" : [
    {
      "identity" : "sentry-cocoa",
      "kind" : "remoteSourceControl",
      "location" : "https://github.com/manaflow-ai/sentry-cocoa.git",
      "state" : {
        "revision" : "c276db5ef78325d350e09176fb9b25c459940a89"
      }
    }
  ],
  "version" : 3
}
