{
  "originHash" : "66c39e757c9db21412af9b9ab1286a181fe233a36c2817d3debb096db3b4317e",
  "pins" : [
    {
      "identity" : "highlighterswift",
      "kind" : "remoteSourceControl",
      "location" : "https://github.com/smittytone/HighlighterSwift",
      "state" : {
        "revision" : "fe7aae9c9b31d3b296fd3d2dd575e1a207bb29e0",
        "version" : "3.1.0"
      }
    }
  ],
  "version" : 3
}
