{
  "originHash" : "3d5baa8fec750c3f0abb2a3d74178bfee8cd3a44b31cd9b7449516157c278d99",
  "pins" : [
    {
      "identity" : "sentry-cocoa",
      "kind" : "remoteSourceControl",
      "location" : "https://github.com/manaflow-ai/sentry-cocoa.git",
      "state" : {
        "revision" : "c276db5ef78325d350e09176fb9b25c459940a89"
      }
    }
  ],
  "version" : 3
}
